{
  "object": {
    "pins": [
      {
        "package": "Logger",
        "repositoryURL": "https://github.com/Shiaulis/Logger.git",
        "state": {
          "branch": "main",
          "revision": "e8a9d00868d91693d0d8d988723a4436d85c6c6c",
          "version": null
        }
      }
    ]
  },
  "version": 1
}
