{
  "object": {
    "pins": [
      {
        "package": "Logger",
        "repositoryURL": "https://github.com/Shiaulis/Logger.git",
        "state": {
          "branch": "main",
          "revision": "9b26d78aab7d6778ad626f47ae10b559fec8cbbb",
          "version": null
        }
      }
    ]
  },
  "version": 1
}
